
Microsoft Visual Studio Solution File, Format Version 12.00
# Visual Studio Version 17
VisualStudioVersion = 17.8.34330.188
MinimumVisualStudioVersion = 10.0.40219.1
Project("{8BC9CEB8-8B4A-11D0-8D11-00A0C91BC942}") = "Project2", "Project2.vcxproj", "{3906C27F-95F1-43DD-B053-42A8CC2F62BE}"
EndProject
Project("{8BC9CEB8-8B4A-11D0-8D11-00A0C91BC942}") = "Project4", "..\Project4\Project4.vcxproj", "{DC3F1F34-31F8-4EB2-93AB-87F4DE77A2FE}"
EndProject
Global
	GlobalSection(SolutionConfigurationPlatforms) = preSolution
		Debug|x64 = Debug|x64
		Debug|x86 = Debug|x86
		Release|x64 = Release|x64
		Release|x86 = Release|x86
	EndGlobalSection
	GlobalSection(ProjectConfigurationPlatforms) = postSolution
		{3906C27F-95F1-43DD-B053-42A8CC2F62BE}.Debug|x64.ActiveCfg = Debug|x64
		{3906C27F-95F1-43DD-B053-42A8CC2F62BE}.Debug|x64.Build.0 = Debug|x64
		{3906C27F-95F1-43DD-B053-42A8CC2F62BE}.Debug|x86.ActiveCfg = Debug|Win32
		{3906C27F-95F1-43DD-B053-42A8CC2F62BE}.Debug|x86.Build.0 = Debug|Win32
		{3906C27F-95F1-43DD-B053-42A8CC2F62BE}.Release|x64.ActiveCfg = Release|x64
		{3906C27F-95F1-43DD-B053-42A8CC2F62BE}.Release|x64.Build.0 = Release|x64
		{3906C27F-95F1-43DD-B053-42A8CC2F62BE}.Release|x86.ActiveCfg = Release|Win32
		{3906C27F-95F1-43DD-B053-42A8CC2F62BE}.Release|x86.Build.0 = Release|Win32
		{DC3F1F34-31F8-4EB2-93AB-87F4DE77A2FE}.Debug|x64.ActiveCfg = Debug|x64
		{DC3F1F34-31F8-4EB2-93AB-87F4DE77A2FE}.Debug|x64.Build.0 = Debug|x64
		{DC3F1F34-31F8-4EB2-93AB-87F4DE77A2FE}.Debug|x86.ActiveCfg = Debug|Win32
		{DC3F1F34-31F8-4EB2-93AB-87F4DE77A2FE}.Debug|x86.Build.0 = Debug|Win32
		{DC3F1F34-31F8-4EB2-93AB-87F4DE77A2FE}.Release|x64.ActiveCfg = Release|x64
		{DC3F1F34-31F8-4EB2-93AB-87F4DE77A2FE}.Release|x64.Build.0 = Release|x64
		{DC3F1F34-31F8-4EB2-93AB-87F4DE77A2FE}.Release|x86.ActiveCfg = Release|Win32
		{DC3F1F34-31F8-4EB2-93AB-87F4DE77A2FE}.Release|x86.Build.0 = Release|Win32
	EndGlobalSection
	GlobalSection(SolutionProperties) = preSolution
		HideSolutionNode = FALSE
	EndGlobalSection
	GlobalSection(ExtensibilityGlobals) = postSolution
		SolutionGuid = {B3C614EE-DAC0-4A60-8087-CA525BCDDE7D}
	EndGlobalSection
EndGlobal
